// !$*UTF8*$!
{
	archiveVersion = 1;
	classes = {
	};
	objectVersion = 46;
	objects = {

/* Begin PBXBuildFile section */
		EFDCA4F21C556982003DDCAC /* AppDelegate.swift in Sources */ = {isa = PBXBuildFile; fileRef = EFDCA4F11C556982003DDCAC /* AppDelegate.swift */; };
		EFDCA4F71C556982003DDCAC /* Main.storyboard in Resources */ = {isa = PBXBuildFile; fileRef = EFDCA4F51C556982003DDCAC /* Main.storyboard */; };
		EFDCA4F91C556982003DDCAC /* Assets.xcassets in Resources */ = {isa = PBXBuildFile; fileRef = EFDCA4F81C556982003DDCAC /* Assets.xcassets */; };
		EFDCA4FC1C556982003DDCAC /* LaunchScreen.storyboard in Resources */ = {isa = PBXBuildFile; fileRef = EFDCA4FA1C556982003DDCAC /* LaunchScreen.storyboard */; };
		EFDCA5071C556983003DDCAC /* OnTheMapTests.swift in Sources */ = {isa = PBXBuildFile; fileRef = EFDCA5061C556983003DDCAC /* OnTheMapTests.swift */; };
		EFDCA5121C556983003DDCAC /* OnTheMapUITests.swift in Sources */ = {isa = PBXBuildFile; fileRef = EFDCA5111C556983003DDCAC /* OnTheMapUITests.swift */; };
		EFDCA5251C556AE1003DDCAC /* LoginViewController.swift in Sources */ = {isa = PBXBuildFile; fileRef = EFDCA5241C556AE1003DDCAC /* LoginViewController.swift */; };
		EFDCA5271C556B21003DDCAC /* MapViewController.swift in Sources */ = {isa = PBXBuildFile; fileRef = EFDCA5261C556B21003DDCAC /* MapViewController.swift */; };
		EFDCA5291C556B30003DDCAC /* ListViewController.swift in Sources */ = {isa = PBXBuildFile; fileRef = EFDCA5281C556B30003DDCAC /* ListViewController.swift */; };
		EFDCA5441C55B6EB003DDCAC /* list.pdf in Resources */ = {isa = PBXBuildFile; fileRef = EFDCA5371C55B6EB003DDCAC /* list.pdf */; };
		EFDCA5451C55B6EB003DDCAC /* map.pdf in Resources */ = {isa = PBXBuildFile; fileRef = EFDCA5381C55B6EB003DDCAC /* map.pdf */; };
		EFDCA5461C55B6EB003DDCAC /* OnTheMap_29.png in Resources */ = {isa = PBXBuildFile; fileRef = EFDCA5391C55B6EB003DDCAC /* OnTheMap_29.png */; };
		EFDCA5471C55B6EB003DDCAC /* OnTheMap_40.png in Resources */ = {isa = PBXBuildFile; fileRef = EFDCA53A1C55B6EB003DDCAC /* OnTheMap_40.png */; };
		EFDCA5481C55B6EB003DDCAC /* OnTheMap_58.png in Resources */ = {isa = PBXBuildFile; fileRef = EFDCA53B1C55B6EB003DDCAC /* OnTheMap_58.png */; };
		EFDCA5491C55B6EB003DDCAC /* OnTheMap_76.png in Resources */ = {isa = PBXBuildFile; fileRef = EFDCA53C1C55B6EB003DDCAC /* OnTheMap_76.png */; };
		EFDCA54A1C55B6EB003DDCAC /* OnTheMap_80.png in Resources */ = {isa = PBXBuildFile; fileRef = EFDCA53D1C55B6EB003DDCAC /* OnTheMap_80.png */; };
		EFDCA54B1C55B6EB003DDCAC /* OnTheMap_120.png in Resources */ = {isa = PBXBuildFile; fileRef = EFDCA53E1C55B6EB003DDCAC /* OnTheMap_120.png */; };
		EFDCA54C1C55B6EB003DDCAC /* OnTheMap_152.png in Resources */ = {isa = PBXBuildFile; fileRef = EFDCA53F1C55B6EB003DDCAC /* OnTheMap_152.png */; };
		EFDCA54D1C55B6EB003DDCAC /* OnTheMap_180.png in Resources */ = {isa = PBXBuildFile; fileRef = EFDCA5401C55B6EB003DDCAC /* OnTheMap_180.png */; };
		EFDCA54E1C55B6EB003DDCAC /* OnTheMap_512.png in Resources */ = {isa = PBXBuildFile; fileRef = EFDCA5411C55B6EB003DDCAC /* OnTheMap_512.png */; };
		EFDCA54F1C55B6EB003DDCAC /* OnTheMap_1024.png in Resources */ = {isa = PBXBuildFile; fileRef = EFDCA5421C55B6EB003DDCAC /* OnTheMap_1024.png */; };
		EFDCA5501C55B6EB003DDCAC /* pin.pdf in Resources */ = {isa = PBXBuildFile; fileRef = EFDCA5431C55B6EB003DDCAC /* pin.pdf */; };
		EFDCA5541C55B70A003DDCAC /* Roboto-Medium.ttf in Resources */ = {isa = PBXBuildFile; fileRef = EFDCA5511C55B70A003DDCAC /* Roboto-Medium.ttf */; };
		EFDCA5551C55B70A003DDCAC /* Roboto-Regular.ttf in Resources */ = {isa = PBXBuildFile; fileRef = EFDCA5521C55B70A003DDCAC /* Roboto-Regular.ttf */; };
		EFDCA5561C55B70A003DDCAC /* Roboto-Thin.ttf in Resources */ = {isa = PBXBuildFile; fileRef = EFDCA5531C55B70A003DDCAC /* Roboto-Thin.ttf */; };
		EFDCA5581C55B72E003DDCAC /* udacity.pdf in Resources */ = {isa = PBXBuildFile; fileRef = EFDCA5571C55B72E003DDCAC /* udacity.pdf */; };
/* End PBXBuildFile section */

/* Begin PBXContainerItemProxy section */
		EFDCA5031C556983003DDCAC /* PBXContainerItemProxy */ = {
			isa = PBXContainerItemProxy;
			containerPortal = EFDCA4E61C556982003DDCAC /* Project object */;
			proxyType = 1;
			remoteGlobalIDString = EFDCA4ED1C556982003DDCAC;
			remoteInfo = OnTheMap;
		};
		EFDCA50E1C556983003DDCAC /* PBXContainerItemProxy */ = {
			isa = PBXContainerItemProxy;
			containerPortal = EFDCA4E61C556982003DDCAC /* Project object */;
			proxyType = 1;
			remoteGlobalIDString = EFDCA4ED1C556982003DDCAC;
			remoteInfo = OnTheMap;
		};
/* End PBXContainerItemProxy section */

/* Begin PBXFileReference section */
		EFDCA4EE1C556982003DDCAC /* OnTheMap.app */ = {isa = PBXFileReference; explicitFileType = wrapper.application; includeInIndex = 0; path = OnTheMap.app; sourceTree = BUILT_PRODUCTS_DIR; };
		EFDCA4F11C556982003DDCAC /* AppDelegate.swift */ = {isa = PBXFileReference; lastKnownFileType = sourcecode.swift; path = AppDelegate.swift; sourceTree = "<group>"; };
		EFDCA4F61C556982003DDCAC /* Base */ = {isa = PBXFileReference; lastKnownFileType = file.storyboard; name = Base; path = Base.lproj/Main.storyboard; sourceTree = "<group>"; };
		EFDCA4F81C556982003DDCAC /* Assets.xcassets */ = {isa = PBXFileReference; lastKnownFileType = folder.assetcatalog; path = Assets.xcassets; sourceTree = "<group>"; };
		EFDCA4FB1C556982003DDCAC /* Base */ = {isa = PBXFileReference; lastKnownFileType = file.storyboard; name = Base; path = Base.lproj/LaunchScreen.storyboard; sourceTree = "<group>"; };
		EFDCA4FD1C556982003DDCAC /* Info.plist */ = {isa = PBXFileReference; lastKnownFileType = text.plist.xml; path = Info.plist; sourceTree = "<group>"; };
		EFDCA5021C556983003DDCAC /* OnTheMapTests.xctest */ = {isa = PBXFileReference; explicitFileType = wrapper.cfbundle; includeInIndex = 0; path = OnTheMapTests.xctest; sourceTree = BUILT_PRODUCTS_DIR; };
		EFDCA5061C556983003DDCAC /* OnTheMapTests.swift */ = {isa = PBXFileReference; lastKnownFileType = sourcecode.swift; path = OnTheMapTests.swift; sourceTree = "<group>"; };
		EFDCA5081C556983003DDCAC /* Info.plist */ = {isa = PBXFileReference; lastKnownFileType = text.plist.xml; path = Info.plist; sourceTree = "<group>"; };
		EFDCA50D1C556983003DDCAC /* OnTheMapUITests.xctest */ = {isa = PBXFileReference; explicitFileType = wrapper.cfbundle; includeInIndex = 0; path = OnTheMapUITests.xctest; sourceTree = BUILT_PRODUCTS_DIR; };
		EFDCA5111C556983003DDCAC /* OnTheMapUITests.swift */ = {isa = PBXFileReference; lastKnownFileType = sourcecode.swift; path = OnTheMapUITests.swift; sourceTree = "<group>"; };
		EFDCA5131C556983003DDCAC /* Info.plist */ = {isa = PBXFileReference; lastKnownFileType = text.plist.xml; path = Info.plist; sourceTree = "<group>"; };
		EFDCA5241C556AE1003DDCAC /* LoginViewController.swift */ = {isa = PBXFileReference; fileEncoding = 4; lastKnownFileType = sourcecode.swift; path = LoginViewController.swift; sourceTree = "<group>"; };
		EFDCA5261C556B21003DDCAC /* MapViewController.swift */ = {isa = PBXFileReference; fileEncoding = 4; lastKnownFileType = sourcecode.swift; path = MapViewController.swift; sourceTree = "<group>"; };
		EFDCA5281C556B30003DDCAC /* ListViewController.swift */ = {isa = PBXFileReference; fileEncoding = 4; lastKnownFileType = sourcecode.swift; path = ListViewController.swift; sourceTree = "<group>"; };
		EFDCA5371C55B6EB003DDCAC /* list.pdf */ = {isa = PBXFileReference; lastKnownFileType = image.pdf; path = list.pdf; sourceTree = "<group>"; };
		EFDCA5381C55B6EB003DDCAC /* map.pdf */ = {isa = PBXFileReference; lastKnownFileType = image.pdf; path = map.pdf; sourceTree = "<group>"; };
		EFDCA5391C55B6EB003DDCAC /* OnTheMap_29.png */ = {isa = PBXFileReference; lastKnownFileType = image.png; path = OnTheMap_29.png; sourceTree = "<group>"; };
		EFDCA53A1C55B6EB003DDCAC /* OnTheMap_40.png */ = {isa = PBXFileReference; lastKnownFileType = image.png; path = OnTheMap_40.png; sourceTree = "<group>"; };
		EFDCA53B1C55B6EB003DDCAC /* OnTheMap_58.png */ = {isa = PBXFileReference; lastKnownFileType = image.png; path = OnTheMap_58.png; sourceTree = "<group>"; };
		EFDCA53C1C55B6EB003DDCAC /* OnTheMap_76.png */ = {isa = PBXFileReference; lastKnownFileType = image.png; path = OnTheMap_76.png; sourceTree = "<group>"; };
		EFDCA53D1C55B6EB003DDCAC /* OnTheMap_80.png */ = {isa = PBXFileReference; lastKnownFileType = image.png; path = OnTheMap_80.png; sourceTree = "<group>"; };
		EFDCA53E1C55B6EB003DDCAC /* OnTheMap_120.png */ = {isa = PBXFileReference; lastKnownFileType = image.png; path = OnTheMap_120.png; sourceTree = "<group>"; };
		EFDCA53F1C55B6EB003DDCAC /* OnTheMap_152.png */ = {isa = PBXFileReference; lastKnownFileType = image.png; path = OnTheMap_152.png; sourceTree = "<group>"; };
		EFDCA5401C55B6EB003DDCAC /* OnTheMap_180.png */ = {isa = PBXFileReference; lastKnownFileType = image.png; path = OnTheMap_180.png; sourceTree = "<group>"; };
		EFDCA5411C55B6EB003DDCAC /* OnTheMap_512.png */ = {isa = PBXFileReference; lastKnownFileType = image.png; path = OnTheMap_512.png; sourceTree = "<group>"; };
		EFDCA5421C55B6EB003DDCAC /* OnTheMap_1024.png */ = {isa = PBXFileReference; lastKnownFileType = image.png; path = OnTheMap_1024.png; sourceTree = "<group>"; };
		EFDCA5431C55B6EB003DDCAC /* pin.pdf */ = {isa = PBXFileReference; lastKnownFileType = image.pdf; path = pin.pdf; sourceTree = "<group>"; };
		EFDCA5511C55B70A003DDCAC /* Roboto-Medium.ttf */ = {isa = PBXFileReference; lastKnownFileType = file; path = "Roboto-Medium.ttf"; sourceTree = "<group>"; };
		EFDCA5521C55B70A003DDCAC /* Roboto-Regular.ttf */ = {isa = PBXFileReference; lastKnownFileType = file; path = "Roboto-Regular.ttf"; sourceTree = "<group>"; };
		EFDCA5531C55B70A003DDCAC /* Roboto-Thin.ttf */ = {isa = PBXFileReference; lastKnownFileType = file; path = "Roboto-Thin.ttf"; sourceTree = "<group>"; };
		EFDCA5571C55B72E003DDCAC /* udacity.pdf */ = {isa = PBXFileReference; lastKnownFileType = image.pdf; path = udacity.pdf; sourceTree = "<group>"; };
/* End PBXFileReference section */

/* Begin PBXFrameworksBuildPhase section */
		EFDCA4EB1C556982003DDCAC /* Frameworks */ = {
			isa = PBXFrameworksBuildPhase;
			buildActionMask = 2147483647;
			files = (
			);
			runOnlyForDeploymentPostprocessing = 0;
		};
		EFDCA4FF1C556983003DDCAC /* Frameworks */ = {
			isa = PBXFrameworksBuildPhase;
			buildActionMask = 2147483647;
			files = (
			);
			runOnlyForDeploymentPostprocessing = 0;
		};
		EFDCA50A1C556983003DDCAC /* Frameworks */ = {
			isa = PBXFrameworksBuildPhase;
			buildActionMask = 2147483647;
			files = (
			);
			runOnlyForDeploymentPostprocessing = 0;
		};
/* End PBXFrameworksBuildPhase section */

/* Begin PBXGroup section */
		EFDCA4E51C556982003DDCAC = {
			isa = PBXGroup;
			children = (
				EFDCA4F01C556982003DDCAC /* OnTheMap */,
				EFDCA5051C556983003DDCAC /* OnTheMapTests */,
				EFDCA5101C556983003DDCAC /* OnTheMapUITests */,
				EFDCA4EF1C556982003DDCAC /* Products */,
			);
			sourceTree = "<group>";
		};
		EFDCA4EF1C556982003DDCAC /* Products */ = {
			isa = PBXGroup;
			children = (
				EFDCA4EE1C556982003DDCAC /* OnTheMap.app */,
				EFDCA5021C556983003DDCAC /* OnTheMapTests.xctest */,
				EFDCA50D1C556983003DDCAC /* OnTheMapUITests.xctest */,
			);
			name = Products;
			sourceTree = "<group>";
		};
		EFDCA4F01C556982003DDCAC /* OnTheMap */ = {
			isa = PBXGroup;
			children = (
				EFDCA4F11C556982003DDCAC /* AppDelegate.swift */,
				EFDCA51F1C5569D1003DDCAC /* Model */,
				EFDCA5201C5569DA003DDCAC /* View */,
				EFDCA5211C5569E5003DDCAC /* Controller */,
				EFDCA4F51C556982003DDCAC /* Main.storyboard */,
				EFDCA4FA1C556982003DDCAC /* LaunchScreen.storyboard */,
				EFDCA5231C556A46003DDCAC /* Assets */,
				EFDCA5221C556A25003DDCAC /* Supporting Files */,
			);
			path = OnTheMap;
			sourceTree = "<group>";
		};
		EFDCA5051C556983003DDCAC /* OnTheMapTests */ = {
			isa = PBXGroup;
			children = (
				EFDCA5061C556983003DDCAC /* OnTheMapTests.swift */,
				EFDCA5081C556983003DDCAC /* Info.plist */,
			);
			path = OnTheMapTests;
			sourceTree = "<group>";
		};
		EFDCA5101C556983003DDCAC /* OnTheMapUITests */ = {
			isa = PBXGroup;
			children = (
				EFDCA5111C556983003DDCAC /* OnTheMapUITests.swift */,
				EFDCA5131C556983003DDCAC /* Info.plist */,
			);
			path = OnTheMapUITests;
			sourceTree = "<group>";
		};
		EFDCA51F1C5569D1003DDCAC /* Model */ = {
			isa = PBXGroup;
			children = (
			);
			name = Model;
			sourceTree = "<group>";
		};
		EFDCA5201C5569DA003DDCAC /* View */ = {
			isa = PBXGroup;
			children = (
			);
			name = View;
			sourceTree = "<group>";
		};
		EFDCA5211C5569E5003DDCAC /* Controller */ = {
			isa = PBXGroup;
			children = (
				EFDCA5241C556AE1003DDCAC /* LoginViewController.swift */,
				EFDCA5261C556B21003DDCAC /* MapViewController.swift */,
				EFDCA5281C556B30003DDCAC /* ListViewController.swift */,
			);
			name = Controller;
			sourceTree = "<group>";
		};
		EFDCA5221C556A25003DDCAC /* Supporting Files */ = {
			isa = PBXGroup;
			children = (
				EFDCA4FD1C556982003DDCAC /* Info.plist */,
			);
			name = "Supporting Files";
			sourceTree = "<group>";
		};
		EFDCA5231C556A46003DDCAC /* Assets */ = {
			isa = PBXGroup;
			children = (
				EFDCA5511C55B70A003DDCAC /* Roboto-Medium.ttf */,
				EFDCA5521C55B70A003DDCAC /* Roboto-Regular.ttf */,
				EFDCA5531C55B70A003DDCAC /* Roboto-Thin.ttf */,
				EFDCA52A1C55A3E9003DDCAC /* Images */,
				EFDCA4F81C556982003DDCAC /* Assets.xcassets */,
			);
			name = Assets;
			sourceTree = "<group>";
		};
		EFDCA52A1C55A3E9003DDCAC /* Images */ = {
			isa = PBXGroup;
			children = (
				EFDCA5571C55B72E003DDCAC /* udacity.pdf */,
				EFDCA5371C55B6EB003DDCAC /* list.pdf */,
				EFDCA5381C55B6EB003DDCAC /* map.pdf */,
				EFDCA5391C55B6EB003DDCAC /* OnTheMap_29.png */,
				EFDCA53A1C55B6EB003DDCAC /* OnTheMap_40.png */,
				EFDCA53B1C55B6EB003DDCAC /* OnTheMap_58.png */,
				EFDCA53C1C55B6EB003DDCAC /* OnTheMap_76.png */,
				EFDCA53D1C55B6EB003DDCAC /* OnTheMap_80.png */,
				EFDCA53E1C55B6EB003DDCAC /* OnTheMap_120.png */,
				EFDCA53F1C55B6EB003DDCAC /* OnTheMap_152.png */,
				EFDCA5401C55B6EB003DDCAC /* OnTheMap_180.png */,
				EFDCA5411C55B6EB003DDCAC /* OnTheMap_512.png */,
				EFDCA5421C55B6EB003DDCAC /* OnTheMap_1024.png */,
				EFDCA5431C55B6EB003DDCAC /* pin.pdf */,
			);
			name = Images;
			sourceTree = "<group>";
		};
/* End PBXGroup section */

/* Begin PBXNativeTarget section */
		EFDCA4ED1C556982003DDCAC /* OnTheMap */ = {
			isa = PBXNativeTarget;
			buildConfigurationList = EFDCA5161C556983003DDCAC /* Build configuration list for PBXNativeTarget "OnTheMap" */;
			buildPhases = (
				EFDCA4EA1C556982003DDCAC /* Sources */,
				EFDCA4EB1C556982003DDCAC /* Frameworks */,
				EFDCA4EC1C556982003DDCAC /* Resources */,
			);
			buildRules = (
			);
			dependencies = (
			);
			name = OnTheMap;
			productName = OnTheMap;
			productReference = EFDCA4EE1C556982003DDCAC /* OnTheMap.app */;
			productType = "com.apple.product-type.application";
		};
		EFDCA5011C556983003DDCAC /* OnTheMapTests */ = {
			isa = PBXNativeTarget;
			buildConfigurationList = EFDCA5191C556983003DDCAC /* Build configuration list for PBXNativeTarget "OnTheMapTests" */;
			buildPhases = (
				EFDCA4FE1C556983003DDCAC /* Sources */,
				EFDCA4FF1C556983003DDCAC /* Frameworks */,
				EFDCA5001C556983003DDCAC /* Resources */,
			);
			buildRules = (
			);
			dependencies = (
				EFDCA5041C556983003DDCAC /* PBXTargetDependency */,
			);
			name = OnTheMapTests;
			productName = OnTheMapTests;
			productReference = EFDCA5021C556983003DDCAC /* OnTheMapTests.xctest */;
			productType = "com.apple.product-type.bundle.unit-test";
		};
		EFDCA50C1C556983003DDCAC /* OnTheMapUITests */ = {
			isa = PBXNativeTarget;
			buildConfigurationList = EFDCA51C1C556983003DDCAC /* Build configuration list for PBXNativeTarget "OnTheMapUITests" */;
			buildPhases = (
				EFDCA5091C556983003DDCAC /* Sources */,
				EFDCA50A1C556983003DDCAC /* Frameworks */,
				EFDCA50B1C556983003DDCAC /* Resources */,
			);
			buildRules = (
			);
			dependencies = (
				EFDCA50F1C556983003DDCAC /* PBXTargetDependency */,
			);
			name = OnTheMapUITests;
			productName = OnTheMapUITests;
			productReference = EFDCA50D1C556983003DDCAC /* OnTheMapUITests.xctest */;
			productType = "com.apple.product-type.bundle.ui-testing";
		};
/* End PBXNativeTarget section */

/* Begin PBXProject section */
		EFDCA4E61C556982003DDCAC /* Project object */ = {
			isa = PBXProject;
			attributes = {
				LastSwiftUpdateCheck = 0720;
				LastUpgradeCheck = 0720;
				ORGANIZATIONNAME = "Long Wang";
				TargetAttributes = {
					EFDCA4ED1C556982003DDCAC = {
						CreatedOnToolsVersion = 7.2;
					};
					EFDCA5011C556983003DDCAC = {
						CreatedOnToolsVersion = 7.2;
						TestTargetID = EFDCA4ED1C556982003DDCAC;
					};
					EFDCA50C1C556983003DDCAC = {
						CreatedOnToolsVersion = 7.2;
						TestTargetID = EFDCA4ED1C556982003DDCAC;
					};
				};
			};
			buildConfigurationList = EFDCA4E91C556982003DDCAC /* Build configuration list for PBXProject "OnTheMap" */;
			compatibilityVersion = "Xcode 3.2";
			developmentRegion = English;
			hasScannedForEncodings = 0;
			knownRegions = (
				en,
				Base,
			);
			mainGroup = EFDCA4E51C556982003DDCAC;
			productRefGroup = EFDCA4EF1C556982003DDCAC /* Products */;
			projectDirPath = "";
			projectRoot = "";
			targets = (
				EFDCA4ED1C556982003DDCAC /* OnTheMap */,
				EFDCA5011C556983003DDCAC /* OnTheMapTests */,
				EFDCA50C1C556983003DDCAC /* OnTheMapUITests */,
			);
		};
/* End PBXProject section */

/* Begin PBXResourcesBuildPhase section */
		EFDCA4EC1C556982003DDCAC /* Resources */ = {
			isa = PBXResourcesBuildPhase;
			buildActionMask = 2147483647;
			files = (
				EFDCA5451C55B6EB003DDCAC /* map.pdf in Resources */,
				EFDCA54F1C55B6EB003DDCAC /* OnTheMap_1024.png in Resources */,
				EFDCA5441C55B6EB003DDCAC /* list.pdf in Resources */,
				EFDCA5541C55B70A003DDCAC /* Roboto-Medium.ttf in Resources */,
				EFDCA5481C55B6EB003DDCAC /* OnTheMap_58.png in Resources */,
				EFDCA4FC1C556982003DDCAC /* LaunchScreen.storyboard in Resources */,
				EFDCA5551C55B70A003DDCAC /* Roboto-Regular.ttf in Resources */,
				EFDCA54E1C55B6EB003DDCAC /* OnTheMap_512.png in Resources */,
				EFDCA5501C55B6EB003DDCAC /* pin.pdf in Resources */,
				EFDCA5491C55B6EB003DDCAC /* OnTheMap_76.png in Resources */,
				EFDCA4F91C556982003DDCAC /* Assets.xcassets in Resources */,
				EFDCA54B1C55B6EB003DDCAC /* OnTheMap_120.png in Resources */,
				EFDCA5461C55B6EB003DDCAC /* OnTheMap_29.png in Resources */,
				EFDCA54A1C55B6EB003DDCAC /* OnTheMap_80.png in Resources */,
				EFDCA5581C55B72E003DDCAC /* udacity.pdf in Resources */,
				EFDCA5561C55B70A003DDCAC /* Roboto-Thin.ttf in Resources */,
				EFDCA4F71C556982003DDCAC /* Main.storyboard in Resources */,
				EFDCA54D1C55B6EB003DDCAC /* OnTheMap_180.png in Resources */,
				EFDCA54C1C55B6EB003DDCAC /* OnTheMap_152.png in Resources */,
				EFDCA5471C55B6EB003DDCAC /* OnTheMap_40.png in Resources */,
			);
			runOnlyForDeploymentPostprocessing = 0;
		};
		EFDCA5001C556983003DDCAC /* Resources */ = {
			isa = PBXResourcesBuildPhase;
			buildActionMask = 2147483647;
			files = (
			);
			runOnlyForDeploymentPostprocessing = 0;
		};
		EFDCA50B1C556983003DDCAC /* Resources */ = {
			isa = PBXResourcesBuildPhase;
			buildActionMask = 2147483647;
			files = (
			);
			runOnlyForDeploymentPostprocessing = 0;
		};
/* End PBXResourcesBuildPhase section */

/* Begin PBXSourcesBuildPhase section */
		EFDCA4EA1C556982003DDCAC /* Sources */ = {
			isa = PBXSourcesBuildPhase;
			buildActionMask = 2147483647;
			files = (
				EFDCA5251C556AE1003DDCAC /* LoginViewController.swift in Sources */,
				EFDCA4F21C556982003DDCAC /* AppDelegate.swift in Sources */,
				EFDCA5291C556B30003DDCAC /* ListViewController.swift in Sources */,
				EFDCA5271C556B21003DDCAC /* MapViewController.swift in Sources */,
			);
			runOnlyForDeploymentPostprocessing = 0;
		};
		EFDCA4FE1C556983003DDCAC /* Sources */ = {
			isa = PBXSourcesBuildPhase;
			buildActionMask = 2147483647;
			files = (
				EFDCA5071C556983003DDCAC /* OnTheMapTests.swift in Sources */,
			);
			runOnlyForDeploymentPostprocessing = 0;
		};
		EFDCA5091C556983003DDCAC /* Sources */ = {
			isa = PBXSourcesBuildPhase;
			buildActionMask = 2147483647;
			files = (
				EFDCA5121C556983003DDCAC /* OnTheMapUITests.swift in Sources */,
			);
			runOnlyForDeploymentPostprocessing = 0;
		};
/* End PBXSourcesBuildPhase section */

/* Begin PBXTargetDependency section */
		EFDCA5041C556983003DDCAC /* PBXTargetDependency */ = {
			isa = PBXTargetDependency;
			target = EFDCA4ED1C556982003DDCAC /* OnTheMap */;
			targetProxy = EFDCA5031C556983003DDCAC /* PBXContainerItemProxy */;
		};
		EFDCA50F1C556983003DDCAC /* PBXTargetDependency */ = {
			isa = PBXTargetDependency;
			target = EFDCA4ED1C556982003DDCAC /* OnTheMap */;
			targetProxy = EFDCA50E1C556983003DDCAC /* PBXContainerItemProxy */;
		};
/* End PBXTargetDependency section */

/* Begin PBXVariantGroup section */
		EFDCA4F51C556982003DDCAC /* Main.storyboard */ = {
			isa = PBXVariantGroup;
			children = (
				EFDCA4F61C556982003DDCAC /* Base */,
			);
			name = Main.storyboard;
			sourceTree = "<group>";
		};
		EFDCA4FA1C556982003DDCAC /* LaunchScreen.storyboard */ = {
			isa = PBXVariantGroup;
			children = (
				EFDCA4FB1C556982003DDCAC /* Base */,
			);
			name = LaunchScreen.storyboard;
			sourceTree = "<group>";
		};
/* End PBXVariantGroup section */

/* Begin XCBuildConfiguration section */
		EFDCA5141C556983003DDCAC /* Debug */ = {
			isa = XCBuildConfiguration;
			buildSettings = {
				ALWAYS_SEARCH_USER_PATHS = NO;
				CLANG_CXX_LANGUAGE_STANDARD = "gnu++0x";
				CLANG_CXX_LIBRARY = "libc++";
				CLANG_ENABLE_MODULES = YES;
				CLANG_ENABLE_OBJC_ARC = YES;
				CLANG_WARN_BOOL_CONVERSION = YES;
				CLANG_WARN_CONSTANT_CONVERSION = YES;
				CLANG_WARN_DIRECT_OBJC_ISA_USAGE = YES_ERROR;
				CLANG_WARN_EMPTY_BODY = YES;
				CLANG_WARN_ENUM_CONVERSION = YES;
				CLANG_WARN_INT_CONVERSION = YES;
				CLANG_WARN_OBJC_ROOT_CLASS = YES_ERROR;
				CLANG_WARN_UNREACHABLE_CODE = YES;
				CLANG_WARN__DUPLICATE_METHOD_MATCH = YES;
				"CODE_SIGN_IDENTITY[sdk=iphoneos*]" = "iPhone Developer";
				COPY_PHASE_STRIP = NO;
				DEBUG_INFORMATION_FORMAT = dwarf;
				ENABLE_STRICT_OBJC_MSGSEND = YES;
				ENABLE_TESTABILITY = YES;
				GCC_C_LANGUAGE_STANDARD = gnu99;
				GCC_DYNAMIC_NO_PIC = NO;
				GCC_NO_COMMON_BLOCKS = YES;
				GCC_OPTIMIZATION_LEVEL = 0;
				GCC_PREPROCESSOR_DEFINITIONS = (
					"DEBUG=1",
					"$(inherited)",
				);
				GCC_WARN_64_TO_32_BIT_CONVERSION = YES;
				GCC_WARN_ABOUT_RETURN_TYPE = YES_ERROR;
				GCC_WARN_UNDECLARED_SELECTOR = YES;
				GCC_WARN_UNINITIALIZED_AUTOS = YES_AGGRESSIVE;
				GCC_WARN_UNUSED_FUNCTION = YES;
				GCC_WARN_UNUSED_VARIABLE = YES;
				IPHONEOS_DEPLOYMENT_TARGET = 9.2;
				MTL_ENABLE_DEBUG_INFO = YES;
				ONLY_ACTIVE_ARCH = YES;
				SDKROOT = iphoneos;
				SWIFT_OPTIMIZATION_LEVEL = "-Onone";
				TARGETED_DEVICE_FAMILY = 2;
			};
			name = Debug;
		};
		EFDCA5151C556983003DDCAC /* Release */ = {
			isa = XCBuildConfiguration;
			buildSettings = {
				ALWAYS_SEARCH_USER_PATHS = NO;
				CLANG_CXX_LANGUAGE_STANDARD = "gnu++0x";
				CLANG_CXX_LIBRARY = "libc++";
				CLANG_ENABLE_MODULES = YES;
				CLANG_ENABLE_OBJC_ARC = YES;
				CLANG_WARN_BOOL_CONVERSION = YES;
				CLANG_WARN_CONSTANT_CONVERSION = YES;
				CLANG_WARN_DIRECT_OBJC_ISA_USAGE = YES_ERROR;
				CLANG_WARN_EMPTY_BODY = YES;
				CLANG_WARN_ENUM_CONVERSION = YES;
				CLANG_WARN_INT_CONVERSION = YES;
				CLANG_WARN_OBJC_ROOT_CLASS = YES_ERROR;
				CLANG_WARN_UNREACHABLE_CODE = YES;
				CLANG_WARN__DUPLICATE_METHOD_MATCH = YES;
				"CODE_SIGN_IDENTITY[sdk=iphoneos*]" = "iPhone Developer";
				COPY_PHASE_STRIP = NO;
				DEBUG_INFORMATION_FORMAT = "dwarf-with-dsym";
				ENABLE_NS_ASSERTIONS = NO;
				ENABLE_STRICT_OBJC_MSGSEND = YES;
				GCC_C_LANGUAGE_STANDARD = gnu99;
				GCC_NO_COMMON_BLOCKS = YES;
				GCC_WARN_64_TO_32_BIT_CONVERSION = YES;
				GCC_WARN_ABOUT_RETURN_TYPE = YES_ERROR;
				GCC_WARN_UNDECLARED_SELECTOR = YES;
				GCC_WARN_UNINITIALIZED_AUTOS = YES_AGGRESSIVE;
				GCC_WARN_UNUSED_FUNCTION = YES;
				GCC_WARN_UNUSED_VARIABLE = YES;
				IPHONEOS_DEPLOYMENT_TARGET = 9.2;
				MTL_ENABLE_DEBUG_INFO = NO;
				SDKROOT = iphoneos;
				TARGETED_DEVICE_FAMILY = 2;
				VALIDATE_PRODUCT = YES;
			};
			name = Release;
		};
		EFDCA5171C556983003DDCAC /* Debug */ = {
			isa = XCBuildConfiguration;
			buildSettings = {
				ASSETCATALOG_COMPILER_APPICON_NAME = AppIcon;
				INFOPLIST_FILE = OnTheMap/Info.plist;
				LD_RUNPATH_SEARCH_PATHS = "$(inherited) @executable_path/Frameworks";
				PRODUCT_BUNDLE_IDENTIFIER = com.wanglong.OnTheMap;
				PRODUCT_NAME = "$(TARGET_NAME)";
				TARGETED_DEVICE_FAMILY = "1,2";
			};
			name = Debug;
		};
		EFDCA5181C556983003DDCAC /* Release */ = {
			isa = XCBuildConfiguration;
			buildSettings = {
				ASSETCATALOG_COMPILER_APPICON_NAME = AppIcon;
				INFOPLIST_FILE = OnTheMap/Info.plist;
				LD_RUNPATH_SEARCH_PATHS = "$(inherited) @executable_path/Frameworks";
				PRODUCT_BUNDLE_IDENTIFIER = com.wanglong.OnTheMap;
				PRODUCT_NAME = "$(TARGET_NAME)";
				TARGETED_DEVICE_FAMILY = "1,2";
			};
			name = Release;
		};
		EFDCA51A1C556983003DDCAC /* Debug */ = {
			isa = XCBuildConfiguration;
			buildSettings = {
				BUNDLE_LOADER = "$(TEST_HOST)";
				INFOPLIST_FILE = OnTheMapTests/Info.plist;
				LD_RUNPATH_SEARCH_PATHS = "$(inherited) @executable_path/Frameworks @loader_path/Frameworks";
				PRODUCT_BUNDLE_IDENTIFIER = com.wanglong.OnTheMapTests;
				PRODUCT_NAME = "$(TARGET_NAME)";
				TEST_HOST = "$(BUILT_PRODUCTS_DIR)/OnTheMap.app/OnTheMap";
			};
			name = Debug;
		};
		EFDCA51B1C556983003DDCAC /* Release */ = {
			isa = XCBuildConfiguration;
			buildSettings = {
				BUNDLE_LOADER = "$(TEST_HOST)";
				INFOPLIST_FILE = OnTheMapTests/Info.plist;
				LD_RUNPATH_SEARCH_PATHS = "$(inherited) @executable_path/Frameworks @loader_path/Frameworks";
				PRODUCT_BUNDLE_IDENTIFIER = com.wanglong.OnTheMapTests;
				PRODUCT_NAME = "$(TARGET_NAME)";
				TEST_HOST = "$(BUILT_PRODUCTS_DIR)/OnTheMap.app/OnTheMap";
			};
			name = Release;
		};
		EFDCA51D1C556983003DDCAC /* Debug */ = {
			isa = XCBuildConfiguration;
			buildSettings = {
				INFOPLIST_FILE = OnTheMapUITests/Info.plist;
				LD_RUNPATH_SEARCH_PATHS = "$(inherited) @executable_path/Frameworks @loader_path/Frameworks";
				PRODUCT_BUNDLE_IDENTIFIER = com.wanglong.OnTheMapUITests;
				PRODUCT_NAME = "$(TARGET_NAME)";
				TEST_TARGET_NAME = OnTheMap;
				USES_XCTRUNNER = YES;
			};
			name = Debug;
		};
		EFDCA51E1C556983003DDCAC /* Release */ = {
			isa = XCBuildConfiguration;
			buildSettings = {
				INFOPLIST_FILE = OnTheMapUITests/Info.plist;
				LD_RUNPATH_SEARCH_PATHS = "$(inherited) @executable_path/Frameworks @loader_path/Frameworks";
				PRODUCT_BUNDLE_IDENTIFIER = com.wanglong.OnTheMapUITests;
				PRODUCT_NAME = "$(TARGET_NAME)";
				TEST_TARGET_NAME = OnTheMap;
				USES_XCTRUNNER = YES;
			};
			name = Release;
		};
/* End XCBuildConfiguration section */

/* Begin XCConfigurationList section */
		EFDCA4E91C556982003DDCAC /* Build configuration list for PBXProject "OnTheMap" */ = {
			isa = XCConfigurationList;
			buildConfigurations = (
				EFDCA5141C556983003DDCAC /* Debug */,
				EFDCA5151C556983003DDCAC /* Release */,
			);
			defaultConfigurationIsVisible = 0;
			defaultConfigurationName = Release;
		};
		EFDCA5161C556983003DDCAC /* Build configuration list for PBXNativeTarget "OnTheMap" */ = {
			isa = XCConfigurationList;
			buildConfigurations = (
				EFDCA5171C556983003DDCAC /* Debug */,
				EFDCA5181C556983003DDCAC /* Release */,
			);
			defaultConfigurationIsVisible = 0;
			defaultConfigurationName = Release;
		};
		EFDCA5191C556983003DDCAC /* Build configuration list for PBXNativeTarget "OnTheMapTests" */ = {
			isa = XCConfigurationList;
			buildConfigurations = (
				EFDCA51A1C556983003DDCAC /* Debug */,
				EFDCA51B1C556983003DDCAC /* Release */,
			);
			defaultConfigurationIsVisible = 0;
			defaultConfigurationName = Release;
		};
		EFDCA51C1C556983003DDCAC /* Build configuration list for PBXNativeTarget "OnTheMapUITests" */ = {
			isa = XCConfigurationList;
			buildConfigurations = (
				EFDCA51D1C556983003DDCAC /* Debug */,
				EFDCA51E1C556983003DDCAC /* Release */,
			);
			defaultConfigurationIsVisible = 0;
			defaultConfigurationName = Release;
		};
/* End XCConfigurationList section */
	};
	rootObject = EFDCA4E61C556982003DDCAC /* Project object */;
}
